
Microsoft Visual Studio Solution File, Format Version 12.00
# Visual Studio Version 17
VisualStudioVersion = 17.8.34309.116
MinimumVisualStudioVersion = 10.0.40219.1
Project("{FAE04EC0-301F-11D3-BF4B-00C04F79EFBC}") = "WPF_BackgroundWorker", "WPF_BackgroundWorker.csproj", "{F5B80847-3D03-4444-BF4E-104F172A09A6}"
EndProject
Global
	GlobalSection(SolutionConfigurationPlatforms) = preSolution
		Debug|Any CPU = Debug|Any CPU
		Release|Any CPU = Release|Any CPU
	EndGlobalSection
	GlobalSection(ProjectConfigurationPlatforms) = postSolution
		{F5B80847-3D03-4444-BF4E-104F172A09A6}.Debug|Any CPU.ActiveCfg = Debug|Any CPU
		{F5B80847-3D03-4444-BF4E-104F172A09A6}.Debug|Any CPU.Build.0 = Debug|Any CPU
		{F5B80847-3D03-4444-BF4E-104F172A09A6}.Release|Any CPU.ActiveCfg = Release|Any CPU
		{F5B80847-3D03-4444-BF4E-104F172A09A6}.Release|Any CPU.Build.0 = Release|Any CPU
	EndGlobalSection
	GlobalSection(SolutionProperties) = preSolution
		HideSolutionNode = FALSE
	EndGlobalSection
	GlobalSection(ExtensibilityGlobals) = postSolution
		SolutionGuid = {39EBFC53-AE1B-459E-8404-411B4FD9B681}
	EndGlobalSection
EndGlobal
